// !$*UTF8*$!
{
	archiveVersion = 1;
	classes = {
	};
	objectVersion = 50;
	objects = {

/* Begin PBXBuildFile section */
		CE14250420B0B76D0043AF08 /* AppDelegate.swift in Sources */ = {isa = PBXBuildFile; fileRef = CE14250320B0B76D0043AF08 /* AppDelegate.swift */; };
		CE14250620B0B76D0043AF08 /* ViewController.swift in Sources */ = {isa = PBXBuildFile; fileRef = CE14250520B0B76D0043AF08 /* ViewController.swift */; };
		CE14250920B0B76D0043AF08 /* Main.storyboard in Resources */ = {isa = PBXBuildFile; fileRef = CE14250720B0B76D0043AF08 /* Main.storyboard */; };
		CE14250B20B0B76E0043AF08 /* Assets.xcassets in Resources */ = {isa = PBXBuildFile; fileRef = CE14250A20B0B76E0043AF08 /* Assets.xcassets */; };
		CE14250E20B0B76E0043AF08 /* LaunchScreen.storyboard in Resources */ = {isa = PBXBuildFile; fileRef = CE14250C20B0B76E0043AF08 /* LaunchScreen.storyboard */; };
		CE14251920B0B76E0043AF08 /* GROUPTests.swift in Sources */ = {isa = PBXBuildFile; fileRef = CE14251820B0B76E0043AF08 /* GROUPTests.swift */; };
		CE14252420B0B76F0043AF08 /* GROUPUITests.swift in Sources */ = {isa = PBXBuildFile; fileRef = CE14252320B0B76F0043AF08 /* GROUPUITests.swift */; };
		CE14253220B0B7CC0043AF08 /* CollectionViewCell.swift in Sources */ = {isa = PBXBuildFile; fileRef = CE14253120B0B7CC0043AF08 /* CollectionViewCell.swift */; };
		CE14253420B0C2860043AF08 /* MainViewController.swift in Sources */ = {isa = PBXBuildFile; fileRef = CE14253320B0C2860043AF08 /* MainViewController.swift */; };
		CE14253620B0C33A0043AF08 /* CustomButton.swift in Sources */ = {isa = PBXBuildFile; fileRef = CE14253520B0C33A0043AF08 /* CustomButton.swift */; };
/* End PBXBuildFile section */

/* Begin PBXContainerItemProxy section */
		CE14251520B0B76E0043AF08 /* PBXContainerItemProxy */ = {
			isa = PBXContainerItemProxy;
			containerPortal = CE1424F820B0B76D0043AF08 /* Project object */;
			proxyType = 1;
			remoteGlobalIDString = CE1424FF20B0B76D0043AF08;
			remoteInfo = GROUP;
		};
		CE14252020B0B76E0043AF08 /* PBXContainerItemProxy */ = {
			isa = PBXContainerItemProxy;
			containerPortal = CE1424F820B0B76D0043AF08 /* Project object */;
			proxyType = 1;
			remoteGlobalIDString = CE1424FF20B0B76D0043AF08;
			remoteInfo = GROUP;
		};
/* End PBXContainerItemProxy section */

/* Begin PBXFileReference section */
		CE14250020B0B76D0043AF08 /* GROUP.app */ = {isa = PBXFileReference; explicitFileType = wrapper.application; includeInIndex = 0; path = GROUP.app; sourceTree = BUILT_PRODUCTS_DIR; };
		CE14250320B0B76D0043AF08 /* AppDelegate.swift */ = {isa = PBXFileReference; lastKnownFileType = sourcecode.swift; path = AppDelegate.swift; sourceTree = "<group>"; };
		CE14250520B0B76D0043AF08 /* ViewController.swift */ = {isa = PBXFileReference; lastKnownFileType = sourcecode.swift; path = ViewController.swift; sourceTree = "<group>"; };
		CE14250820B0B76D0043AF08 /* Base */ = {isa = PBXFileReference; lastKnownFileType = file.storyboard; name = Base; path = Base.lproj/Main.storyboard; sourceTree = "<group>"; };
		CE14250A20B0B76E0043AF08 /* Assets.xcassets */ = {isa = PBXFileReference; lastKnownFileType = folder.assetcatalog; path = Assets.xcassets; sourceTree = "<group>"; };
		CE14250D20B0B76E0043AF08 /* Base */ = {isa = PBXFileReference; lastKnownFileType = file.storyboard; name = Base; path = Base.lproj/LaunchScreen.storyboard; sourceTree = "<group>"; };
		CE14250F20B0B76E0043AF08 /* Info.plist */ = {isa = PBXFileReference; lastKnownFileType = text.plist.xml; path = Info.plist; sourceTree = "<group>"; };
		CE14251420B0B76E0043AF08 /* GROUPTests.xctest */ = {isa = PBXFileReference; explicitFileType = wrapper.cfbundle; includeInIndex = 0; path = GROUPTests.xctest; sourceTree = BUILT_PRODUCTS_DIR; };
		CE14251820B0B76E0043AF08 /* GROUPTests.swift */ = {isa = PBXFileReference; lastKnownFileType = sourcecode.swift; path = GROUPTests.swift; sourceTree = "<group>"; };
		CE14251A20B0B76E0043AF08 /* Info.plist */ = {isa = PBXFileReference; lastKnownFileType = text.plist.xml; path = Info.plist; sourceTree = "<group>"; };
		CE14251F20B0B76E0043AF08 /* GROUPUITests.xctest */ = {isa = PBXFileReference; explicitFileType = wrapper.cfbundle; includeInIndex = 0; path = GROUPUITests.xctest; sourceTree = BUILT_PRODUCTS_DIR; };
		CE14252320B0B76F0043AF08 /* GROUPUITests.swift */ = {isa = PBXFileReference; lastKnownFileType = sourcecode.swift; path = GROUPUITests.swift; sourceTree = "<group>"; };
		CE14252520B0B76F0043AF08 /* Info.plist */ = {isa = PBXFileReference; lastKnownFileType = text.plist.xml; path = Info.plist; sourceTree = "<group>"; };
		CE14253120B0B7CC0043AF08 /* CollectionViewCell.swift */ = {isa = PBXFileReference; lastKnownFileType = sourcecode.swift; path = CollectionViewCell.swift; sourceTree = "<group>"; };
		CE14253320B0C2860043AF08 /* MainViewController.swift */ = {isa = PBXFileReference; lastKnownFileType = sourcecode.swift; path = MainViewController.swift; sourceTree = "<group>"; };
		CE14253520B0C33A0043AF08 /* CustomButton.swift */ = {isa = PBXFileReference; lastKnownFileType = sourcecode.swift; path = CustomButton.swift; sourceTree = "<group>"; };
/* End PBXFileReference section */

/* Begin PBXFrameworksBuildPhase section */
		CE1424FD20B0B76D0043AF08 /* Frameworks */ = {
			isa = PBXFrameworksBuildPhase;
			buildActionMask = 2147483647;
			files = (
			);
			runOnlyForDeploymentPostprocessing = 0;
		};
		CE14251120B0B76E0043AF08 /* Frameworks */ = {
			isa = PBXFrameworksBuildPhase;
			buildActionMask = 2147483647;
			files = (
			);
			runOnlyForDeploymentPostprocessing = 0;
		};
		CE14251C20B0B76E0043AF08 /* Frameworks */ = {
			isa = PBXFrameworksBuildPhase;
			buildActionMask = 2147483647;
			files = (
			);
			runOnlyForDeploymentPostprocessing = 0;
		};
/* End PBXFrameworksBuildPhase section */

/* Begin PBXGroup section */
		CE1424F720B0B76D0043AF08 = {
			isa = PBXGroup;
			children = (
				CE14250220B0B76D0043AF08 /* GROUP */,
				CE14251720B0B76E0043AF08 /* GROUPTests */,
				CE14252220B0B76F0043AF08 /* GROUPUITests */,
				CE14250120B0B76D0043AF08 /* Products */,
			);
			sourceTree = "<group>";
		};
		CE14250120B0B76D0043AF08 /* Products */ = {
			isa = PBXGroup;
			children = (
				CE14250020B0B76D0043AF08 /* GROUP.app */,
				CE14251420B0B76E0043AF08 /* GROUPTests.xctest */,
				CE14251F20B0B76E0043AF08 /* GROUPUITests.xctest */,
			);
			name = Products;
			sourceTree = "<group>";
		};
		CE14250220B0B76D0043AF08 /* GROUP */ = {
			isa = PBXGroup;
			children = (
				CE14250320B0B76D0043AF08 /* AppDelegate.swift */,
				CE14250520B0B76D0043AF08 /* ViewController.swift */,
				CE14253320B0C2860043AF08 /* MainViewController.swift */,
				CE14250720B0B76D0043AF08 /* Main.storyboard */,
				CE14253520B0C33A0043AF08 /* CustomButton.swift */,
				CE14253120B0B7CC0043AF08 /* CollectionViewCell.swift */,
				CE14250A20B0B76E0043AF08 /* Assets.xcassets */,
				CE14250C20B0B76E0043AF08 /* LaunchScreen.storyboard */,
				CE14250F20B0B76E0043AF08 /* Info.plist */,
			);
			path = GROUP;
			sourceTree = "<group>";
		};
		CE14251720B0B76E0043AF08 /* GROUPTests */ = {
			isa = PBXGroup;
			children = (
				CE14251820B0B76E0043AF08 /* GROUPTests.swift */,
				CE14251A20B0B76E0043AF08 /* Info.plist */,
			);
			path = GROUPTests;
			sourceTree = "<group>";
		};
		CE14252220B0B76F0043AF08 /* GROUPUITests */ = {
			isa = PBXGroup;
			children = (
				CE14252320B0B76F0043AF08 /* GROUPUITests.swift */,
				CE14252520B0B76F0043AF08 /* Info.plist */,
			);
			path = GROUPUITests;
			sourceTree = "<group>";
		};
/* End PBXGroup section */

/* Begin PBXNativeTarget section */
		CE1424FF20B0B76D0043AF08 /* GROUP */ = {
			isa = PBXNativeTarget;
			buildConfigurationList = CE14252820B0B76F0043AF08 /* Build configuration list for PBXNativeTarget "GROUP" */;
			buildPhases = (
				CE1424FC20B0B76D0043AF08 /* Sources */,
				CE1424FD20B0B76D0043AF08 /* Frameworks */,
				CE1424FE20B0B76D0043AF08 /* Resources */,
			);
			buildRules = (
			);
			dependencies = (
			);
			name = GROUP;
			productName = GROUP;
			productReference = CE14250020B0B76D0043AF08 /* GROUP.app */;
			productType = "com.apple.product-type.application";
		};
		CE14251320B0B76E0043AF08 /* GROUPTests */ = {
			isa = PBXNativeTarget;
			buildConfigurationList = CE14252B20B0B76F0043AF08 /* Build configuration list for PBXNativeTarget "GROUPTests" */;
			buildPhases = (
				CE14251020B0B76E0043AF08 /* Sources */,
				CE14251120B0B76E0043AF08 /* Frameworks */,
				CE14251220B0B76E0043AF08 /* Resources */,
			);
			buildRules = (
			);
			dependencies = (
				CE14251620B0B76E0043AF08 /* PBXTargetDependency */,
			);
			name = GROUPTests;
			productName = GROUPTests;
			productReference = CE14251420B0B76E0043AF08 /* GROUPTests.xctest */;
			productType = "com.apple.product-type.bundle.unit-test";
		};
		CE14251E20B0B76E0043AF08 /* GROUPUITests */ = {
			isa = PBXNativeTarget;
			buildConfigurationList = CE14252E20B0B76F0043AF08 /* Build configuration list for PBXNativeTarget "GROUPUITests" */;
			buildPhases = (
				CE14251B20B0B76E0043AF08 /* Sources */,
				CE14251C20B0B76E0043AF08 /* Frameworks */,
				CE14251D20B0B76E0043AF08 /* Resources */,
			);
			buildRules = (
			);
			dependencies = (
				CE14252120B0B76E0043AF08 /* PBXTargetDependency */,
			);
			name = GROUPUITests;
			productName = GROUPUITests;
			productReference = CE14251F20B0B76E0043AF08 /* GROUPUITests.xctest */;
			productType = "com.apple.product-type.bundle.ui-testing";
		};
/* End PBXNativeTarget section */

/* Begin PBXProject section */
		CE1424F820B0B76D0043AF08 /* Project object */ = {
			isa = PBXProject;
			attributes = {
				LastSwiftUpdateCheck = 0930;
				LastUpgradeCheck = 0930;
				ORGANIZATIONNAME = mCubes;
				TargetAttributes = {
					CE1424FF20B0B76D0043AF08 = {
						CreatedOnToolsVersion = 9.3;
					};
					CE14251320B0B76E0043AF08 = {
						CreatedOnToolsVersion = 9.3;
						TestTargetID = CE1424FF20B0B76D0043AF08;
					};
					CE14251E20B0B76E0043AF08 = {
						CreatedOnToolsVersion = 9.3;
						TestTargetID = CE1424FF20B0B76D0043AF08;
					};
				};
			};
			buildConfigurationList = CE1424FB20B0B76D0043AF08 /* Build configuration list for PBXProject "GROUP" */;
			compatibilityVersion = "Xcode 9.3";
			developmentRegion = en;
			hasScannedForEncodings = 0;
			knownRegions = (
				en,
				Base,
			);
			mainGroup = CE1424F720B0B76D0043AF08;
			productRefGroup = CE14250120B0B76D0043AF08 /* Products */;
			projectDirPath = "";
			projectRoot = "";
			targets = (
				CE1424FF20B0B76D0043AF08 /* GROUP */,
				CE14251320B0B76E0043AF08 /* GROUPTests */,
				CE14251E20B0B76E0043AF08 /* GROUPUITests */,
			);
		};
/* End PBXProject section */

/* Begin PBXResourcesBuildPhase section */
		CE1424FE20B0B76D0043AF08 /* Resources */ = {
			isa = PBXResourcesBuildPhase;
			buildActionMask = 2147483647;
			files = (
				CE14250E20B0B76E0043AF08 /* LaunchScreen.storyboard in Resources */,
				CE14250B20B0B76E0043AF08 /* Assets.xcassets in Resources */,
				CE14250920B0B76D0043AF08 /* Main.storyboard in Resources */,
			);
			runOnlyForDeploymentPostprocessing = 0;
		};
		CE14251220B0B76E0043AF08 /* Resources */ = {
			isa = PBXResourcesBuildPhase;
			buildActionMask = 2147483647;
			files = (
			);
			runOnlyForDeploymentPostprocessing = 0;
		};
		CE14251D20B0B76E0043AF08 /* Resources */ = {
			isa = PBXResourcesBuildPhase;
			buildActionMask = 2147483647;
			files = (
			);
			runOnlyForDeploymentPostprocessing = 0;
		};
/* End PBXResourcesBuildPhase section */

/* Begin PBXSourcesBuildPhase section */
		CE1424FC20B0B76D0043AF08 /* Sources */ = {
			isa = PBXSourcesBuildPhase;
			buildActionMask = 2147483647;
			files = (
				CE14250620B0B76D0043AF08 /* ViewController.swift in Sources */,
				CE14250420B0B76D0043AF08 /* AppDelegate.swift in Sources */,
				CE14253220B0B7CC0043AF08 /* CollectionViewCell.swift in Sources */,
				CE14253420B0C2860043AF08 /* MainViewController.swift in Sources */,
				CE14253620B0C33A0043AF08 /* CustomButton.swift in Sources */,
			);
			runOnlyForDeploymentPostprocessing = 0;
		};
		CE14251020B0B76E0043AF08 /* Sources */ = {
			isa = PBXSourcesBuildPhase;
			buildActionMask = 2147483647;
			files = (
				CE14251920B0B76E0043AF08 /* GROUPTests.swift in Sources */,
			);
			runOnlyForDeploymentPostprocessing = 0;
		};
		CE14251B20B0B76E0043AF08 /* Sources */ = {
			isa = PBXSourcesBuildPhase;
			buildActionMask = 2147483647;
			files = (
				CE14252420B0B76F0043AF08 /* GROUPUITests.swift in Sources */,
			);
			runOnlyForDeploymentPostprocessing = 0;
		};
/* End PBXSourcesBuildPhase section */

/* Begin PBXTargetDependency section */
		CE14251620B0B76E0043AF08 /* PBXTargetDependency */ = {
			isa = PBXTargetDependency;
			target = CE1424FF20B0B76D0043AF08 /* GROUP */;
			targetProxy = CE14251520B0B76E0043AF08 /* PBXContainerItemProxy */;
		};
		CE14252120B0B76E0043AF08 /* PBXTargetDependency */ = {
			isa = PBXTargetDependency;
			target = CE1424FF20B0B76D0043AF08 /* GROUP */;
			targetProxy = CE14252020B0B76E0043AF08 /* PBXContainerItemProxy */;
		};
/* End PBXTargetDependency section */

/* Begin PBXVariantGroup section */
		CE14250720B0B76D0043AF08 /* Main.storyboard */ = {
			isa = PBXVariantGroup;
			children = (
				CE14250820B0B76D0043AF08 /* Base */,
			);
			name = Main.storyboard;
			sourceTree = "<group>";
		};
		CE14250C20B0B76E0043AF08 /* LaunchScreen.storyboard */ = {
			isa = PBXVariantGroup;
			children = (
				CE14250D20B0B76E0043AF08 /* Base */,
			);
			name = LaunchScreen.storyboard;
			sourceTree = "<group>";
		};
/* End PBXVariantGroup section */

/* Begin XCBuildConfiguration section */
		CE14252620B0B76F0043AF08 /* Debug */ = {
			isa = XCBuildConfiguration;
			buildSettings = {
				ALWAYS_SEARCH_USER_PATHS = NO;
				CLANG_ANALYZER_NONNULL = YES;
				CLANG_ANALYZER_NUMBER_OBJECT_CONVERSION = YES_AGGRESSIVE;
				CLANG_CXX_LANGUAGE_STANDARD = "gnu++14";
				CLANG_CXX_LIBRARY = "libc++";
				CLANG_ENABLE_MODULES = YES;
				CLANG_ENABLE_OBJC_ARC = YES;
				CLANG_ENABLE_OBJC_WEAK = YES;
				CLANG_WARN_BLOCK_CAPTURE_AUTORELEASING = YES;
				CLANG_WARN_BOOL_CONVERSION = YES;
				CLANG_WARN_COMMA = YES;
				CLANG_WARN_CONSTANT_CONVERSION = YES;
				CLANG_WARN_DEPRECATED_OBJC_IMPLEMENTATIONS = YES;
				CLANG_WARN_DIRECT_OBJC_ISA_USAGE = YES_ERROR;
				CLANG_WARN_DOCUMENTATION_COMMENTS = YES;
				CLANG_WARN_EMPTY_BODY = YES;
				CLANG_WARN_ENUM_CONVERSION = YES;
				CLANG_WARN_INFINITE_RECURSION = YES;
				CLANG_WARN_INT_CONVERSION = YES;
				CLANG_WARN_NON_LITERAL_NULL_CONVERSION = YES;
				CLANG_WARN_OBJC_IMPLICIT_RETAIN_SELF = YES;
				CLANG_WARN_OBJC_LITERAL_CONVERSION = YES;
				CLANG_WARN_OBJC_ROOT_CLASS = YES_ERROR;
				CLANG_WARN_RANGE_LOOP_ANALYSIS = YES;
				CLANG_WARN_STRICT_PROTOTYPES = YES;
				CLANG_WARN_SUSPICIOUS_MOVE = YES;
				CLANG_WARN_UNGUARDED_AVAILABILITY = YES_AGGRESSIVE;
				CLANG_WARN_UNREACHABLE_CODE = YES;
				CLANG_WARN__DUPLICATE_METHOD_MATCH = YES;
				CODE_SIGN_IDENTITY = "iPhone Developer";
				COPY_PHASE_STRIP = NO;
				DEBUG_INFORMATION_FORMAT = dwarf;
				ENABLE_STRICT_OBJC_MSGSEND = YES;
				ENABLE_TESTABILITY = YES;
				GCC_C_LANGUAGE_STANDARD = gnu11;
				GCC_DYNAMIC_NO_PIC = NO;
				GCC_NO_COMMON_BLOCKS = YES;
				GCC_OPTIMIZATION_LEVEL = 0;
				GCC_PREPROCESSOR_DEFINITIONS = (
					"DEBUG=1",
					"$(inherited)",
				);
				GCC_WARN_64_TO_32_BIT_CONVERSION = YES;
				GCC_WARN_ABOUT_RETURN_TYPE = YES_ERROR;
				GCC_WARN_UNDECLARED_SELECTOR = YES;
				GCC_WARN_UNINITIALIZED_AUTOS = YES_AGGRESSIVE;
				GCC_WARN_UNUSED_FUNCTION = YES;
				GCC_WARN_UNUSED_VARIABLE = YES;
				IPHONEOS_DEPLOYMENT_TARGET = 11.3;
				MTL_ENABLE_DEBUG_INFO = YES;
				ONLY_ACTIVE_ARCH = YES;
				SDKROOT = iphoneos;
				SWIFT_ACTIVE_COMPILATION_CONDITIONS = DEBUG;
				SWIFT_OPTIMIZATION_LEVEL = "-Onone";
			};
			name = Debug;
		};
		CE14252720B0B76F0043AF08 /* Release */ = {
			isa = XCBuildConfiguration;
			buildSettings = {
				ALWAYS_SEARCH_USER_PATHS = NO;
				CLANG_ANALYZER_NONNULL = YES;
				CLANG_ANALYZER_NUMBER_OBJECT_CONVERSION = YES_AGGRESSIVE;
				CLANG_CXX_LANGUAGE_STANDARD = "gnu++14";
				CLANG_CXX_LIBRARY = "libc++";
				CLANG_ENABLE_MODULES = YES;
				CLANG_ENABLE_OBJC_ARC = YES;
				CLANG_ENABLE_OBJC_WEAK = YES;
				CLANG_WARN_BLOCK_CAPTURE_AUTORELEASING = YES;
				CLANG_WARN_BOOL_CONVERSION = YES;
				CLANG_WARN_COMMA = YES;
				CLANG_WARN_CONSTANT_CONVERSION = YES;
				CLANG_WARN_DEPRECATED_OBJC_IMPLEMENTATIONS = YES;
				CLANG_WARN_DIRECT_OBJC_ISA_USAGE = YES_ERROR;
				CLANG_WARN_DOCUMENTATION_COMMENTS = YES;
				CLANG_WARN_EMPTY_BODY = YES;
				CLANG_WARN_ENUM_CONVERSION = YES;
				CLANG_WARN_INFINITE_RECURSION = YES;
				CLANG_WARN_INT_CONVERSION = YES;
				CLANG_WARN_NON_LITERAL_NULL_CONVERSION = YES;
				CLANG_WARN_OBJC_IMPLICIT_RETAIN_SELF = YES;
				CLANG_WARN_OBJC_LITERAL_CONVERSION = YES;
				CLANG_WARN_OBJC_ROOT_CLASS = YES_ERROR;
				CLANG_WARN_RANGE_LOOP_ANALYSIS = YES;
				CLANG_WARN_STRICT_PROTOTYPES = YES;
				CLANG_WARN_SUSPICIOUS_MOVE = YES;
				CLANG_WARN_UNGUARDED_AVAILABILITY = YES_AGGRESSIVE;
				CLANG_WARN_UNREACHABLE_CODE = YES;
				CLANG_WARN__DUPLICATE_METHOD_MATCH = YES;
				CODE_SIGN_IDENTITY = "iPhone Developer";
				COPY_PHASE_STRIP = NO;
				DEBUG_INFORMATION_FORMAT = "dwarf-with-dsym";
				ENABLE_NS_ASSERTIONS = NO;
				ENABLE_STRICT_OBJC_MSGSEND = YES;
				GCC_C_LANGUAGE_STANDARD = gnu11;
				GCC_NO_COMMON_BLOCKS = YES;
				GCC_WARN_64_TO_32_BIT_CONVERSION = YES;
				GCC_WARN_ABOUT_RETURN_TYPE = YES_ERROR;
				GCC_WARN_UNDECLARED_SELECTOR = YES;
				GCC_WARN_UNINITIALIZED_AUTOS = YES_AGGRESSIVE;
				GCC_WARN_UNUSED_FUNCTION = YES;
				GCC_WARN_UNUSED_VARIABLE = YES;
				IPHONEOS_DEPLOYMENT_TARGET = 11.3;
				MTL_ENABLE_DEBUG_INFO = NO;
				SDKROOT = iphoneos;
				SWIFT_COMPILATION_MODE = wholemodule;
				SWIFT_OPTIMIZATION_LEVEL = "-O";
				VALIDATE_PRODUCT = YES;
			};
			name = Release;
		};
		CE14252920B0B76F0043AF08 /* Debug */ = {
			isa = XCBuildConfiguration;
			buildSettings = {
				ASSETCATALOG_COMPILER_APPICON_NAME = AppIcon;
				CODE_SIGN_STYLE = Automatic;
				INFOPLIST_FILE = GROUP/Info.plist;
				LD_RUNPATH_SEARCH_PATHS = (
					"$(inherited)",
					"@executable_path/Frameworks",
				);
				PRODUCT_BUNDLE_IDENTIFIER = com.manna.www.GROUP;
				PRODUCT_NAME = "$(TARGET_NAME)";
				SWIFT_VERSION = 4.0;
				TARGETED_DEVICE_FAMILY = "1,2";
			};
			name = Debug;
		};
		CE14252A20B0B76F0043AF08 /* Release */ = {
			isa = XCBuildConfiguration;
			buildSettings = {
				ASSETCATALOG_COMPILER_APPICON_NAME = AppIcon;
				CODE_SIGN_STYLE = Automatic;
				INFOPLIST_FILE = GROUP/Info.plist;
				LD_RUNPATH_SEARCH_PATHS = (
					"$(inherited)",
					"@executable_path/Frameworks",
				);
				PRODUCT_BUNDLE_IDENTIFIER = com.manna.www.GROUP;
				PRODUCT_NAME = "$(TARGET_NAME)";
				SWIFT_VERSION = 4.0;
				TARGETED_DEVICE_FAMILY = "1,2";
			};
			name = Release;
		};
		CE14252C20B0B76F0043AF08 /* Debug */ = {
			isa = XCBuildConfiguration;
			buildSettings = {
				ALWAYS_EMBED_SWIFT_STANDARD_LIBRARIES = YES;
				BUNDLE_LOADER = "$(TEST_HOST)";
				CODE_SIGN_STYLE = Automatic;
				INFOPLIST_FILE = GROUPTests/Info.plist;
				LD_RUNPATH_SEARCH_PATHS = (
					"$(inherited)",
					"@executable_path/Frameworks",
					"@loader_path/Frameworks",
				);
				PRODUCT_BUNDLE_IDENTIFIER = com.manna.www.GROUPTests;
				PRODUCT_NAME = "$(TARGET_NAME)";
				SWIFT_VERSION = 4.0;
				TARGETED_DEVICE_FAMILY = "1,2";
				TEST_HOST = "$(BUILT_PRODUCTS_DIR)/GROUP.app/GROUP";
			};
			name = Debug;
		};
		CE14252D20B0B76F0043AF08 /* Release */ = {
			isa = XCBuildConfiguration;
			buildSettings = {
				ALWAYS_EMBED_SWIFT_STANDARD_LIBRARIES = YES;
				BUNDLE_LOADER = "$(TEST_HOST)";
				CODE_SIGN_STYLE = Automatic;
				INFOPLIST_FILE = GROUPTests/Info.plist;
				LD_RUNPATH_SEARCH_PATHS = (
					"$(inherited)",
					"@executable_path/Frameworks",
					"@loader_path/Frameworks",
				);
				PRODUCT_BUNDLE_IDENTIFIER = com.manna.www.GROUPTests;
				PRODUCT_NAME = "$(TARGET_NAME)";
				SWIFT_VERSION = 4.0;
				TARGETED_DEVICE_FAMILY = "1,2";
				TEST_HOST = "$(BUILT_PRODUCTS_DIR)/GROUP.app/GROUP";
			};
			name = Release;
		};
		CE14252F20B0B76F0043AF08 /* Debug */ = {
			isa = XCBuildConfiguration;
			buildSettings = {
				ALWAYS_EMBED_SWIFT_STANDARD_LIBRARIES = YES;
				CODE_SIGN_STYLE = Automatic;
				INFOPLIST_FILE = GROUPUITests/Info.plist;
				LD_RUNPATH_SEARCH_PATHS = (
					"$(inherited)",
					"@executable_path/Frameworks",
					"@loader_path/Frameworks",
				);
				PRODUCT_BUNDLE_IDENTIFIER = com.manna.www.GROUPUITests;
				PRODUCT_NAME = "$(TARGET_NAME)";
				SWIFT_VERSION = 4.0;
				TARGETED_DEVICE_FAMILY = "1,2";
				TEST_TARGET_NAME = GROUP;
			};
			name = Debug;
		};
		CE14253020B0B76F0043AF08 /* Release */ = {
			isa = XCBuildConfiguration;
			buildSettings = {
				ALWAYS_EMBED_SWIFT_STANDARD_LIBRARIES = YES;
				CODE_SIGN_STYLE = Automatic;
				INFOPLIST_FILE = GROUPUITests/Info.plist;
				LD_RUNPATH_SEARCH_PATHS = (
					"$(inherited)",
					"@executable_path/Frameworks",
					"@loader_path/Frameworks",
				);
				PRODUCT_BUNDLE_IDENTIFIER = com.manna.www.GROUPUITests;
				PRODUCT_NAME = "$(TARGET_NAME)";
				SWIFT_VERSION = 4.0;
				TARGETED_DEVICE_FAMILY = "1,2";
				TEST_TARGET_NAME = GROUP;
			};
			name = Release;
		};
/* End XCBuildConfiguration section */

/* Begin XCConfigurationList section */
		CE1424FB20B0B76D0043AF08 /* Build configuration list for PBXProject "GROUP" */ = {
			isa = XCConfigurationList;
			buildConfigurations = (
				CE14252620B0B76F0043AF08 /* Debug */,
				CE14252720B0B76F0043AF08 /* Release */,
			);
			defaultConfigurationIsVisible = 0;
			defaultConfigurationName = Release;
		};
		CE14252820B0B76F0043AF08 /* Build configuration list for PBXNativeTarget "GROUP" */ = {
			isa = XCConfigurationList;
			buildConfigurations = (
				CE14252920B0B76F0043AF08 /* Debug */,
				CE14252A20B0B76F0043AF08 /* Release */,
			);
			defaultConfigurationIsVisible = 0;
			defaultConfigurationName = Release;
		};
		CE14252B20B0B76F0043AF08 /* Build configuration list for PBXNativeTarget "GROUPTests" */ = {
			isa = XCConfigurationList;
			buildConfigurations = (
				CE14252C20B0B76F0043AF08 /* Debug */,
				CE14252D20B0B76F0043AF08 /* Release */,
			);
			defaultConfigurationIsVisible = 0;
			defaultConfigurationName = Release;
		};
		CE14252E20B0B76F0043AF08 /* Build configuration list for PBXNativeTarget "GROUPUITests" */ = {
			isa = XCConfigurationList;
			buildConfigurations = (
				CE14252F20B0B76F0043AF08 /* Debug */,
				CE14253020B0B76F0043AF08 /* Release */,
			);
			defaultConfigurationIsVisible = 0;
			defaultConfigurationName = Release;
		};
/* End XCConfigurationList section */
	};
	rootObject = CE1424F820B0B76D0043AF08 /* Project object */;
}
